
Microsoft Visual Studio Solution File, Format Version 12.00
# Visual Studio Version 17
VisualStudioVersion = 17.0.31903.59
MinimumVisualStudioVersion = 10.0.40219.1
Project("{2150E333-8FDC-42A3-9474-1A3956D46DE8}") = "src", "src", "{827E0CD3-B72D-47B6-A68D-7590B98EB39B}"
EndProject
Project("{FAE04EC0-301F-11D3-BF4B-00C04F79EFBC}") = "FCG.NotificationCenterLambda", "src\FCG.NotificationCenterLambda\FCG.NotificationCenterLambda.csproj", "{3574A485-DD91-4147-ACFB-D488A42BCA48}"
EndProject
Project("{FAE04EC0-301F-11D3-BF4B-00C04F79EFBC}") = "FCG.NotificationCenterLambda.Tests", "FCG.NotificationCenterLambda.Tests\FCG.NotificationCenterLambda.Tests.csproj", "{C94A28EE-06D3-4960-9DF2-1CF32E4AFB94}"
EndProject
Global
	GlobalSection(SolutionConfigurationPlatforms) = preSolution
		Debug|Any CPU = Debug|Any CPU
		Debug|x64 = Debug|x64
		Debug|x86 = Debug|x86
		Release|Any CPU = Release|Any CPU
		Release|x64 = Release|x64
		Release|x86 = Release|x86
	EndGlobalSection
	GlobalSection(ProjectConfigurationPlatforms) = postSolution
		{3574A485-DD91-4147-ACFB-D488A42BCA48}.Debug|Any CPU.ActiveCfg = Debug|Any CPU
		{3574A485-DD91-4147-ACFB-D488A42BCA48}.Debug|Any CPU.Build.0 = Debug|Any CPU
		{3574A485-DD91-4147-ACFB-D488A42BCA48}.Debug|x64.ActiveCfg = Debug|Any CPU
		{3574A485-DD91-4147-ACFB-D488A42BCA48}.Debug|x64.Build.0 = Debug|Any CPU
		{3574A485-DD91-4147-ACFB-D488A42BCA48}.Debug|x86.ActiveCfg = Debug|Any CPU
		{3574A485-DD91-4147-ACFB-D488A42BCA48}.Debug|x86.Build.0 = Debug|Any CPU
		{3574A485-DD91-4147-ACFB-D488A42BCA48}.Release|Any CPU.ActiveCfg = Release|Any CPU
		{3574A485-DD91-4147-ACFB-D488A42BCA48}.Release|Any CPU.Build.0 = Release|Any CPU
		{3574A485-DD91-4147-ACFB-D488A42BCA48}.Release|x64.ActiveCfg = Release|Any CPU
		{3574A485-DD91-4147-ACFB-D488A42BCA48}.Release|x64.Build.0 = Release|Any CPU
		{3574A485-DD91-4147-ACFB-D488A42BCA48}.Release|x86.ActiveCfg = Release|Any CPU
		{3574A485-DD91-4147-ACFB-D488A42BCA48}.Release|x86.Build.0 = Release|Any CPU
		{C94A28EE-06D3-4960-9DF2-1CF32E4AFB94}.Debug|Any CPU.ActiveCfg = Debug|Any CPU
		{C94A28EE-06D3-4960-9DF2-1CF32E4AFB94}.Debug|Any CPU.Build.0 = Debug|Any CPU
		{C94A28EE-06D3-4960-9DF2-1CF32E4AFB94}.Debug|x64.ActiveCfg = Debug|Any CPU
		{C94A28EE-06D3-4960-9DF2-1CF32E4AFB94}.Debug|x64.Build.0 = Debug|Any CPU
		{C94A28EE-06D3-4960-9DF2-1CF32E4AFB94}.Debug|x86.ActiveCfg = Debug|Any CPU
		{C94A28EE-06D3-4960-9DF2-1CF32E4AFB94}.Debug|x86.Build.0 = Debug|Any CPU
		{C94A28EE-06D3-4960-9DF2-1CF32E4AFB94}.Release|Any CPU.ActiveCfg = Release|Any CPU
		{C94A28EE-06D3-4960-9DF2-1CF32E4AFB94}.Release|Any CPU.Build.0 = Release|Any CPU
		{C94A28EE-06D3-4960-9DF2-1CF32E4AFB94}.Release|x64.ActiveCfg = Release|Any CPU
		{C94A28EE-06D3-4960-9DF2-1CF32E4AFB94}.Release|x64.Build.0 = Release|Any CPU
		{C94A28EE-06D3-4960-9DF2-1CF32E4AFB94}.Release|x86.ActiveCfg = Release|Any CPU
		{C94A28EE-06D3-4960-9DF2-1CF32E4AFB94}.Release|x86.Build.0 = Release|Any CPU
	EndGlobalSection
	GlobalSection(SolutionProperties) = preSolution
		HideSolutionNode = FALSE
	EndGlobalSection
	GlobalSection(NestedProjects) = preSolution
		{3574A485-DD91-4147-ACFB-D488A42BCA48} = {827E0CD3-B72D-47B6-A68D-7590B98EB39B}
	EndGlobalSection
EndGlobal
